
Microsoft Visual Studio Solution File, Format Version 12.00
# Visual Studio 15
VisualStudioVersion = 15.0.28307.271
MinimumVisualStudioVersion = 10.0.40219.1
Project("{9A19103F-16F7-4668-BE54-9A1E7A4F7556}") = "WebShop.Web", "WebShop\WebShop.Web.csproj", "{9ABD5EAE-8B66-4576-A544-980C72B54F79}"
EndProject
Project("{9A19103F-16F7-4668-BE54-9A1E7A4F7556}") = "WebShop.Bo", "WebShop.Bo\WebShop.Bo.csproj", "{9249DE4E-16DB-40C2-83B4-6AAB15CDA368}"
EndProject
Project("{9A19103F-16F7-4668-BE54-9A1E7A4F7556}") = "WebShop.Dal", "WebShop.Dal\WebShop.Dal.csproj", "{9A330CE2-8D01-485D-B712-6556D655DCB2}"
EndProject
Project("{FAE04EC0-301F-11D3-BF4B-00C04F79EFBC}") = "WebShop.Tests", "WebShop.Tests\WebShop.Tests.csproj", "{9CE9D41E-5E25-4925-9EF0-49BB07CE57C5}"
EndProject
Project("{9A19103F-16F7-4668-BE54-9A1E7A4F7556}") = "WebShop.Log", "WebShop.Log\WebShop.Log.csproj", "{3E5C83C8-8B17-47C3-BFD5-C7521CE35BAD}"
EndProject
Global
	GlobalSection(SolutionConfigurationPlatforms) = preSolution
		Debug|Any CPU = Debug|Any CPU
		Release|Any CPU = Release|Any CPU
	EndGlobalSection
	GlobalSection(ProjectConfigurationPlatforms) = postSolution
		{9ABD5EAE-8B66-4576-A544-980C72B54F79}.Debug|Any CPU.ActiveCfg = Debug|Any CPU
		{9ABD5EAE-8B66-4576-A544-980C72B54F79}.Debug|Any CPU.Build.0 = Debug|Any CPU
		{9ABD5EAE-8B66-4576-A544-980C72B54F79}.Release|Any CPU.ActiveCfg = Release|Any CPU
		{9ABD5EAE-8B66-4576-A544-980C72B54F79}.Release|Any CPU.Build.0 = Release|Any CPU
		{9249DE4E-16DB-40C2-83B4-6AAB15CDA368}.Debug|Any CPU.ActiveCfg = Debug|Any CPU
		{9249DE4E-16DB-40C2-83B4-6AAB15CDA368}.Debug|Any CPU.Build.0 = Debug|Any CPU
		{9249DE4E-16DB-40C2-83B4-6AAB15CDA368}.Release|Any CPU.ActiveCfg = Release|Any CPU
		{9249DE4E-16DB-40C2-83B4-6AAB15CDA368}.Release|Any CPU.Build.0 = Release|Any CPU
		{9A330CE2-8D01-485D-B712-6556D655DCB2}.Debug|Any CPU.ActiveCfg = Debug|Any CPU
		{9A330CE2-8D01-485D-B712-6556D655DCB2}.Debug|Any CPU.Build.0 = Debug|Any CPU
		{9A330CE2-8D01-485D-B712-6556D655DCB2}.Release|Any CPU.ActiveCfg = Release|Any CPU
		{9A330CE2-8D01-485D-B712-6556D655DCB2}.Release|Any CPU.Build.0 = Release|Any CPU
		{3E5C83C8-8B17-47C3-BFD5-C7521CE35BAD}.Debug|Any CPU.ActiveCfg = Debug|Any CPU
		{3E5C83C8-8B17-47C3-BFD5-C7521CE35BAD}.Debug|Any CPU.Build.0 = Debug|Any CPU
		{3E5C83C8-8B17-47C3-BFD5-C7521CE35BAD}.Release|Any CPU.ActiveCfg = Release|Any CPU
		{3E5C83C8-8B17-47C3-BFD5-C7521CE35BAD}.Release|Any CPU.Build.0 = Release|Any CPU
		{9CE9D41E-5E25-4925-9EF0-49BB07CE57C5}.Debug|Any CPU.ActiveCfg = Debug|Any CPU
		{9CE9D41E-5E25-4925-9EF0-49BB07CE57C5}.Debug|Any CPU.Build.0 = Debug|Any CPU
		{9CE9D41E-5E25-4925-9EF0-49BB07CE57C5}.Release|Any CPU.ActiveCfg = Release|Any CPU
		{9CE9D41E-5E25-4925-9EF0-49BB07CE57C5}.Release|Any CPU.Build.0 = Release|Any CPU
	EndGlobalSection
	GlobalSection(SolutionProperties) = preSolution
		HideSolutionNode = FALSE
	EndGlobalSection
	GlobalSection(ExtensibilityGlobals) = postSolution
		SolutionGuid = {3E2B77D5-4370-4486-A505-4551CE8B1DB5}
	EndGlobalSection
EndGlobal
